
Microsoft Visual Studio Solution File, Format Version 12.00
# Visual Studio Version 16
VisualStudioVersion = 16.0.29728.190
MinimumVisualStudioVersion = 10.0.40219.1
Project("{FAE04EC0-301F-11D3-BF4B-00C04F79EFBC}") = "ASP.NETWebApp", "ASP.NETWebApp\ASP.NETWebApp.csproj", "{D2A1E10C-2E40-411D-A363-52E737D4F28B}"
EndProject
Global
	GlobalSection(SolutionConfigurationPlatforms) = preSolution
		Debug|Any CPU = Debug|Any CPU
		Release|Any CPU = Release|Any CPU
	EndGlobalSection
	GlobalSection(ProjectConfigurationPlatforms) = postSolution
		{D2A1E10C-2E40-411D-A363-52E737D4F28B}.Debug|Any CPU.ActiveCfg = Debug|Any CPU
		{D2A1E10C-2E40-411D-A363-52E737D4F28B}.Debug|Any CPU.Build.0 = Debug|Any CPU
		{D2A1E10C-2E40-411D-A363-52E737D4F28B}.Release|Any CPU.ActiveCfg = Release|Any CPU
		{D2A1E10C-2E40-411D-A363-52E737D4F28B}.Release|Any CPU.Build.0 = Release|Any CPU
	EndGlobalSection
	GlobalSection(SolutionProperties) = preSolution
		HideSolutionNode = FALSE
	EndGlobalSection
	GlobalSection(ExtensibilityGlobals) = postSolution
		SolutionGuid = {72FFD195-0367-4F4D-AB92-923EDC2D8FA0}
	EndGlobalSection
EndGlobal
